
Microsoft Visual Studio Solution File, Format Version 11.00
# Visual Studio 2010
Project("{FAE04EC0-301F-11D3-BF4B-00C04F79EFBC}") = "DynamicLoopMVC", "DynamicLoopMVC\DynamicLoopMVC.csproj", "{DEC2506C-5AE9-4957-A078-9E0470C6145F}"
EndProject
Project("{FAE04EC0-301F-11D3-BF4B-00C04F79EFBC}") = "DynamicLoopMVC.Tests", "DynamicLoopMVC.Tests\DynamicLoopMVC.Tests.csproj", "{BBFE4724-0DC4-460C-9656-738AD7755488}"
EndProject
Project("{2150E333-8FDC-42A3-9474-1A3956D46DE8}") = "Solution Items", "Solution Items", "{E6AD30A4-B0C7-4CB7-A70A-9C18619A1448}"
	ProjectSection(SolutionItems) = preProject
		DynamicLoopMVC.vsmdi = DynamicLoopMVC.vsmdi
		Local.testsettings = Local.testsettings
		TraceAndTestImpact.testsettings = TraceAndTestImpact.testsettings
	EndProjectSection
EndProject
Global
	GlobalSection(TestCaseManagementSettings) = postSolution
		CategoryFile = DynamicLoopMVC.vsmdi
	EndGlobalSection
	GlobalSection(SolutionConfigurationPlatforms) = preSolution
		Debug|Any CPU = Debug|Any CPU
		Release|Any CPU = Release|Any CPU
	EndGlobalSection
	GlobalSection(ProjectConfigurationPlatforms) = postSolution
		{DEC2506C-5AE9-4957-A078-9E0470C6145F}.Debug|Any CPU.ActiveCfg = Debug|Any CPU
		{DEC2506C-5AE9-4957-A078-9E0470C6145F}.Debug|Any CPU.Build.0 = Debug|Any CPU
		{DEC2506C-5AE9-4957-A078-9E0470C6145F}.Release|Any CPU.ActiveCfg = Release|Any CPU
		{DEC2506C-5AE9-4957-A078-9E0470C6145F}.Release|Any CPU.Build.0 = Release|Any CPU
		{BBFE4724-0DC4-460C-9656-738AD7755488}.Debug|Any CPU.ActiveCfg = Debug|Any CPU
		{BBFE4724-0DC4-460C-9656-738AD7755488}.Debug|Any CPU.Build.0 = Debug|Any CPU
		{BBFE4724-0DC4-460C-9656-738AD7755488}.Release|Any CPU.ActiveCfg = Release|Any CPU
		{BBFE4724-0DC4-460C-9656-738AD7755488}.Release|Any CPU.Build.0 = Release|Any CPU
	EndGlobalSection
	GlobalSection(SolutionProperties) = preSolution
		HideSolutionNode = FALSE
	EndGlobalSection
EndGlobal
